
Microsoft Visual Studio Solution File, Format Version 12.00
# Visual Studio Version 17
VisualStudioVersion = 17.13.35931.197 d17.13
MinimumVisualStudioVersion = 10.0.40219.1
Project("{8BC9CEB8-8B4A-11D0-8D11-00A0C91BC942}") = "openopenwf", "openopenwf\openopenwf.vcxproj", "{97B62065-B095-43BF-B23B-8F3B79E4B147}"
EndProject
Project("{8BC9CEB8-8B4A-11D0-8D11-00A0C91BC942}") = "openopenlauncher", "openopenlauncher\openopenlauncher.vcxproj", "{A10A7548-7EB2-4951-AFFE-AC02890EE62E}"
EndProject
Global
	GlobalSection(SolutionConfigurationPlatforms) = preSolution
		Debug|x64 = Debug|x64
		Release|x64 = Release|x64
	EndGlobalSection
	GlobalSection(ProjectConfigurationPlatforms) = postSolution
		{97B62065-B095-43BF-B23B-8F3B79E4B147}.Debug|x64.ActiveCfg = Debug|x64
		{97B62065-B095-43BF-B23B-8F3B79E4B147}.Debug|x64.Build.0 = Debug|x64
		{97B62065-B095-43BF-B23B-8F3B79E4B147}.Release|x64.ActiveCfg = Release|x64
		{97B62065-B095-43BF-B23B-8F3B79E4B147}.Release|x64.Build.0 = Release|x64
		{A10A7548-7EB2-4951-AFFE-AC02890EE62E}.Debug|x64.ActiveCfg = Debug|x64
		{A10A7548-7EB2-4951-AFFE-AC02890EE62E}.Debug|x64.Build.0 = Debug|x64
		{A10A7548-7EB2-4951-AFFE-AC02890EE62E}.Release|x64.ActiveCfg = Release|x64
		{A10A7548-7EB2-4951-AFFE-AC02890EE62E}.Release|x64.Build.0 = Release|x64
	EndGlobalSection
	GlobalSection(SolutionProperties) = preSolution
		HideSolutionNode = FALSE
	EndGlobalSection
	GlobalSection(ExtensibilityGlobals) = postSolution
		SolutionGuid = {60EF74D8-A255-415D-B050-CAEA2D37B2E3}
	EndGlobalSection
EndGlobal
